Microsoft Visual Studio Solution File, Format Version 11.00
# Visual Studio 2008

Project("{305ABB18-CD75-2856-F98D-E0EC799D5BDE}") = "Soccer-Game", "Assembly-CSharp-firstpass.csproj", "{F64323AD-C7DD-A598-0B79-EA9B3383E32B}"
EndProject
Project("{305ABB18-CD75-2856-F98D-E0EC799D5BDE}") = "Soccer-Game", "Assembly-CSharp.csproj", "{6C2E00C3-9AD9-EACF-29AD-079134E8677A}"
EndProject
Project("{305ABB18-CD75-2856-F98D-E0EC799D5BDE}") = "Soccer-Game", "Assembly-CSharp-Editor.csproj", "{88C1F5A1-2740-2C9D-A31C-B6A1BDF9665D}"
EndProject
Global
	GlobalSection(SolutionConfigurationPlatforms) = preSolution
		Debug|Any CPU = Debug|Any CPU
		Release|Any CPU = Release|Any CPU
	EndGlobalSection
	GlobalSection(ProjectConfigurationPlatforms) = postSolution
		{F64323AD-C7DD-A598-0B79-EA9B3383E32B}.Debug|Any CPU.ActiveCfg = Debug|Any CPU
		{F64323AD-C7DD-A598-0B79-EA9B3383E32B}.Debug|Any CPU.Build.0 = Debug|Any CPU
		{F64323AD-C7DD-A598-0B79-EA9B3383E32B}.Release|Any CPU.ActiveCfg = Release|Any CPU
		{F64323AD-C7DD-A598-0B79-EA9B3383E32B}.Release|Any CPU.Build.0 = Release|Any CPU
		{6C2E00C3-9AD9-EACF-29AD-079134E8677A}.Debug|Any CPU.ActiveCfg = Debug|Any CPU
		{6C2E00C3-9AD9-EACF-29AD-079134E8677A}.Debug|Any CPU.Build.0 = Debug|Any CPU
		{6C2E00C3-9AD9-EACF-29AD-079134E8677A}.Release|Any CPU.ActiveCfg = Release|Any CPU
		{6C2E00C3-9AD9-EACF-29AD-079134E8677A}.Release|Any CPU.Build.0 = Release|Any CPU
		{88C1F5A1-2740-2C9D-A31C-B6A1BDF9665D}.Debug|Any CPU.ActiveCfg = Debug|Any CPU
		{88C1F5A1-2740-2C9D-A31C-B6A1BDF9665D}.Debug|Any CPU.Build.0 = Debug|Any CPU
		{88C1F5A1-2740-2C9D-A31C-B6A1BDF9665D}.Release|Any CPU.ActiveCfg = Release|Any CPU
		{88C1F5A1-2740-2C9D-A31C-B6A1BDF9665D}.Release|Any CPU.Build.0 = Release|Any CPU
	EndGlobalSection
	GlobalSection(SolutionProperties) = preSolution
		HideSolutionNode = FALSE
	EndGlobalSection
	GlobalSection(MonoDevelopProperties) = preSolution
		StartupItem = Assembly-CSharp.csproj
	EndGlobalSection
EndGlobal
